// !$*UTF8*$!
{
	archiveVersion = 1;
	classes = {
	};
	objectVersion = 55;
	objects = {

/* Begin PBXBuildFile section */
		606740B5286A3D54000EE2BB /* AppDelegate.swift in Sources */ = {isa = PBXBuildFile; fileRef = 606740B4286A3D54000EE2BB /* AppDelegate.swift */; };
		606740B7286A3D54000EE2BB /* SceneDelegate.swift in Sources */ = {isa = PBXBuildFile; fileRef = 606740B6286A3D54000EE2BB /* SceneDelegate.swift */; };
		606740BC286A3D54000EE2BB /* Main.storyboard in Resources */ = {isa = PBXBuildFile; fileRef = 606740BA286A3D54000EE2BB /* Main.storyboard */; };
		606740BF286A3D54000EE2BB /* ToDoList.xcdatamodeld in Sources */ = {isa = PBXBuildFile; fileRef = 606740BD286A3D54000EE2BB /* ToDoList.xcdatamodeld */; };
		606740C1286A3D5D000EE2BB /* Assets.xcassets in Resources */ = {isa = PBXBuildFile; fileRef = 606740C0286A3D5D000EE2BB /* Assets.xcassets */; };
		606740C4286A3D5D000EE2BB /* LaunchScreen.storyboard in Resources */ = {isa = PBXBuildFile; fileRef = 606740C2286A3D5D000EE2BB /* LaunchScreen.storyboard */; };
		606740CF286A3D5E000EE2BB /* ToDoListTests.swift in Sources */ = {isa = PBXBuildFile; fileRef = 606740CE286A3D5E000EE2BB /* ToDoListTests.swift */; };
		606740D9286A3D5E000EE2BB /* ToDoListUITests.swift in Sources */ = {isa = PBXBuildFile; fileRef = 606740D8286A3D5E000EE2BB /* ToDoListUITests.swift */; };
		606740DB286A3D5E000EE2BB /* ToDoListUITestsLaunchTests.swift in Sources */ = {isa = PBXBuildFile; fileRef = 606740DA286A3D5E000EE2BB /* ToDoListUITestsLaunchTests.swift */; };
		606740E8286A4239000EE2BB /* TableViewController.swift in Sources */ = {isa = PBXBuildFile; fileRef = 606740E7286A4239000EE2BB /* TableViewController.swift */; };
		606740EA286A433C000EE2BB /* ToDo.swift in Sources */ = {isa = PBXBuildFile; fileRef = 606740E9286A433C000EE2BB /* ToDo.swift */; };
/* End PBXBuildFile section */

/* Begin PBXContainerItemProxy section */
		606740CB286A3D5E000EE2BB /* PBXContainerItemProxy */ = {
			isa = PBXContainerItemProxy;
			containerPortal = 606740A9286A3D54000EE2BB /* Project object */;
			proxyType = 1;
			remoteGlobalIDString = 606740B0286A3D54000EE2BB;
			remoteInfo = ToDoList;
		};
		606740D5286A3D5E000EE2BB /* PBXContainerItemProxy */ = {
			isa = PBXContainerItemProxy;
			containerPortal = 606740A9286A3D54000EE2BB /* Project object */;
			proxyType = 1;
			remoteGlobalIDString = 606740B0286A3D54000EE2BB;
			remoteInfo = ToDoList;
		};
/* End PBXContainerItemProxy section */

/* Begin PBXFileReference section */
		606740B1286A3D54000EE2BB /* ToDoList.app */ = {isa = PBXFileReference; explicitFileType = wrapper.application; includeInIndex = 0; path = ToDoList.app; sourceTree = BUILT_PRODUCTS_DIR; };
		606740B4286A3D54000EE2BB /* AppDelegate.swift */ = {isa = PBXFileReference; lastKnownFileType = sourcecode.swift; path = AppDelegate.swift; sourceTree = "<group>"; };
		606740B6286A3D54000EE2BB /* SceneDelegate.swift */ = {isa = PBXFileReference; lastKnownFileType = sourcecode.swift; path = SceneDelegate.swift; sourceTree = "<group>"; };
		606740BB286A3D54000EE2BB /* Base */ = {isa = PBXFileReference; lastKnownFileType = file.storyboard; name = Base; path = Base.lproj/Main.storyboard; sourceTree = "<group>"; };
		606740BE286A3D54000EE2BB /* ToDoList.xcdatamodel */ = {isa = PBXFileReference; lastKnownFileType = wrapper.xcdatamodel; path = ToDoList.xcdatamodel; sourceTree = "<group>"; };
		606740C0286A3D5D000EE2BB /* Assets.xcassets */ = {isa = PBXFileReference; lastKnownFileType = folder.assetcatalog; path = Assets.xcassets; sourceTree = "<group>"; };
		606740C3286A3D5D000EE2BB /* Base */ = {isa = PBXFileReference; lastKnownFileType = file.storyboard; name = Base; path = Base.lproj/LaunchScreen.storyboard; sourceTree = "<group>"; };
		606740C5286A3D5D000EE2BB /* Info.plist */ = {isa = PBXFileReference; lastKnownFileType = text.plist.xml; path = Info.plist; sourceTree = "<group>"; };
		606740CA286A3D5E000EE2BB /* ToDoListTests.xctest */ = {isa = PBXFileReference; explicitFileType = wrapper.cfbundle; includeInIndex = 0; path = ToDoListTests.xctest; sourceTree = BUILT_PRODUCTS_DIR; };
		606740CE286A3D5E000EE2BB /* ToDoListTests.swift */ = {isa = PBXFileReference; lastKnownFileType = sourcecode.swift; path = ToDoListTests.swift; sourceTree = "<group>"; };
		606740D4286A3D5E000EE2BB /* ToDoListUITests.xctest */ = {isa = PBXFileReference; explicitFileType = wrapper.cfbundle; includeInIndex = 0; path = ToDoListUITests.xctest; sourceTree = BUILT_PRODUCTS_DIR; };
		606740D8286A3D5E000EE2BB /* ToDoListUITests.swift */ = {isa = PBXFileReference; lastKnownFileType = sourcecode.swift; path = ToDoListUITests.swift; sourceTree = "<group>"; };
		606740DA286A3D5E000EE2BB /* ToDoListUITestsLaunchTests.swift */ = {isa = PBXFileReference; lastKnownFileType = sourcecode.swift; path = ToDoListUITestsLaunchTests.swift; sourceTree = "<group>"; };
		606740E7286A4239000EE2BB /* TableViewController.swift */ = {isa = PBXFileReference; lastKnownFileType = sourcecode.swift; path = TableViewController.swift; sourceTree = "<group>"; };
		606740E9286A433C000EE2BB /* ToDo.swift */ = {isa = PBXFileReference; lastKnownFileType = sourcecode.swift; path = ToDo.swift; sourceTree = "<group>"; };
/* End PBXFileReference section */

/* Begin PBXFrameworksBuildPhase section */
		606740AE286A3D54000EE2BB /* Frameworks */ = {
			isa = PBXFrameworksBuildPhase;
			buildActionMask = 2147483647;
			files = (
			);
			runOnlyForDeploymentPostprocessing = 0;
		};
		606740C7286A3D5E000EE2BB /* Frameworks */ = {
			isa = PBXFrameworksBuildPhase;
			buildActionMask = 2147483647;
			files = (
			);
			runOnlyForDeploymentPostprocessing = 0;
		};
		606740D1286A3D5E000EE2BB /* Frameworks */ = {
			isa = PBXFrameworksBuildPhase;
			buildActionMask = 2147483647;
			files = (
			);
			runOnlyForDeploymentPostprocessing = 0;
		};
/* End PBXFrameworksBuildPhase section */

/* Begin PBXGroup section */
		606740A8286A3D54000EE2BB = {
			isa = PBXGroup;
			children = (
				606740B3286A3D54000EE2BB /* ToDoList */,
				606740CD286A3D5E000EE2BB /* ToDoListTests */,
				606740D7286A3D5E000EE2BB /* ToDoListUITests */,
				606740B2286A3D54000EE2BB /* Products */,
			);
			sourceTree = "<group>";
		};
		606740B2286A3D54000EE2BB /* Products */ = {
			isa = PBXGroup;
			children = (
				606740B1286A3D54000EE2BB /* ToDoList.app */,
				606740CA286A3D5E000EE2BB /* ToDoListTests.xctest */,
				606740D4286A3D5E000EE2BB /* ToDoListUITests.xctest */,
			);
			name = Products;
			sourceTree = "<group>";
		};
		606740B3286A3D54000EE2BB /* ToDoList */ = {
			isa = PBXGroup;
			children = (
				606740B4286A3D54000EE2BB /* AppDelegate.swift */,
				606740B6286A3D54000EE2BB /* SceneDelegate.swift */,
				606740BA286A3D54000EE2BB /* Main.storyboard */,
				606740E9286A433C000EE2BB /* ToDo.swift */,
				606740E7286A4239000EE2BB /* TableViewController.swift */,
				606740C0286A3D5D000EE2BB /* Assets.xcassets */,
				606740C2286A3D5D000EE2BB /* LaunchScreen.storyboard */,
				606740C5286A3D5D000EE2BB /* Info.plist */,
				606740BD286A3D54000EE2BB /* ToDoList.xcdatamodeld */,
			);
			path = ToDoList;
			sourceTree = "<group>";
		};
		606740CD286A3D5E000EE2BB /* ToDoListTests */ = {
			isa = PBXGroup;
			children = (
				606740CE286A3D5E000EE2BB /* ToDoListTests.swift */,
			);
			path = ToDoListTests;
			sourceTree = "<group>";
		};
		606740D7286A3D5E000EE2BB /* ToDoListUITests */ = {
			isa = PBXGroup;
			children = (
				606740D8286A3D5E000EE2BB /* ToDoListUITests.swift */,
				606740DA286A3D5E000EE2BB /* ToDoListUITestsLaunchTests.swift */,
			);
			path = ToDoListUITests;
			sourceTree = "<group>";
		};
/* End PBXGroup section */

/* Begin PBXNativeTarget section */
		606740B0286A3D54000EE2BB /* ToDoList */ = {
			isa = PBXNativeTarget;
			buildConfigurationList = 606740DE286A3D5E000EE2BB /* Build configuration list for PBXNativeTarget "ToDoList" */;
			buildPhases = (
				606740AD286A3D54000EE2BB /* Sources */,
				606740AE286A3D54000EE2BB /* Frameworks */,
				606740AF286A3D54000EE2BB /* Resources */,
			);
			buildRules = (
			);
			dependencies = (
			);
			name = ToDoList;
			productName = ToDoList;
			productReference = 606740B1286A3D54000EE2BB /* ToDoList.app */;
			productType = "com.apple.product-type.application";
		};
		606740C9286A3D5E000EE2BB /* ToDoListTests */ = {
			isa = PBXNativeTarget;
			buildConfigurationList = 606740E1286A3D5E000EE2BB /* Build configuration list for PBXNativeTarget "ToDoListTests" */;
			buildPhases = (
				606740C6286A3D5E000EE2BB /* Sources */,
				606740C7286A3D5E000EE2BB /* Frameworks */,
				606740C8286A3D5E000EE2BB /* Resources */,
			);
			buildRules = (
			);
			dependencies = (
				606740CC286A3D5E000EE2BB /* PBXTargetDependency */,
			);
			name = ToDoListTests;
			productName = ToDoListTests;
			productReference = 606740CA286A3D5E000EE2BB /* ToDoListTests.xctest */;
			productType = "com.apple.product-type.bundle.unit-test";
		};
		606740D3286A3D5E000EE2BB /* ToDoListUITests */ = {
			isa = PBXNativeTarget;
			buildConfigurationList = 606740E4286A3D5E000EE2BB /* Build configuration list for PBXNativeTarget "ToDoListUITests" */;
			buildPhases = (
				606740D0286A3D5E000EE2BB /* Sources */,
				606740D1286A3D5E000EE2BB /* Frameworks */,
				606740D2286A3D5E000EE2BB /* Resources */,
			);
			buildRules = (
			);
			dependencies = (
				606740D6286A3D5E000EE2BB /* PBXTargetDependency */,
			);
			name = ToDoListUITests;
			productName = ToDoListUITests;
			productReference = 606740D4286A3D5E000EE2BB /* ToDoListUITests.xctest */;
			productType = "com.apple.product-type.bundle.ui-testing";
		};
/* End PBXNativeTarget section */

/* Begin PBXProject section */
		606740A9286A3D54000EE2BB /* Project object */ = {
			isa = PBXProject;
			attributes = {
				BuildIndependentTargetsInParallel = 1;
				LastSwiftUpdateCheck = 1340;
				LastUpgradeCheck = 1340;
				TargetAttributes = {
					606740B0286A3D54000EE2BB = {
						CreatedOnToolsVersion = 13.4.1;
					};
					606740C9286A3D5E000EE2BB = {
						CreatedOnToolsVersion = 13.4.1;
						TestTargetID = 606740B0286A3D54000EE2BB;
					};
					606740D3286A3D5E000EE2BB = {
						CreatedOnToolsVersion = 13.4.1;
						TestTargetID = 606740B0286A3D54000EE2BB;
					};
				};
			};
			buildConfigurationList = 606740AC286A3D54000EE2BB /* Build configuration list for PBXProject "ToDoList" */;
			compatibilityVersion = "Xcode 13.0";
			developmentRegion = en;
			hasScannedForEncodings = 0;
			knownRegions = (
				en,
				Base,
			);
			mainGroup = 606740A8286A3D54000EE2BB;
			productRefGroup = 606740B2286A3D54000EE2BB /* Products */;
			projectDirPath = "";
			projectRoot = "";
			targets = (
				606740B0286A3D54000EE2BB /* ToDoList */,
				606740C9286A3D5E000EE2BB /* ToDoListTests */,
				606740D3286A3D5E000EE2BB /* ToDoListUITests */,
			);
		};
/* End PBXProject section */

/* Begin PBXResourcesBuildPhase section */
		606740AF286A3D54000EE2BB /* Resources */ = {
			isa = PBXResourcesBuildPhase;
			buildActionMask = 2147483647;
			files = (
				606740C4286A3D5D000EE2BB /* LaunchScreen.storyboard in Resources */,
				606740C1286A3D5D000EE2BB /* Assets.xcassets in Resources */,
				606740BC286A3D54000EE2BB /* Main.storyboard in Resources */,
			);
			runOnlyForDeploymentPostprocessing = 0;
		};
		606740C8286A3D5E000EE2BB /* Resources */ = {
			isa = PBXResourcesBuildPhase;
			buildActionMask = 2147483647;
			files = (
			);
			runOnlyForDeploymentPostprocessing = 0;
		};
		606740D2286A3D5E000EE2BB /* Resources */ = {
			isa = PBXResourcesBuildPhase;
			buildActionMask = 2147483647;
			files = (
			);
			runOnlyForDeploymentPostprocessing = 0;
		};
/* End PBXResourcesBuildPhase section */

/* Begin PBXSourcesBuildPhase section */
		606740AD286A3D54000EE2BB /* Sources */ = {
			isa = PBXSourcesBuildPhase;
			buildActionMask = 2147483647;
			files = (
				606740B5286A3D54000EE2BB /* AppDelegate.swift in Sources */,
				606740EA286A433C000EE2BB /* ToDo.swift in Sources */,
				606740B7286A3D54000EE2BB /* SceneDelegate.swift in Sources */,
				606740BF286A3D54000EE2BB /* ToDoList.xcdatamodeld in Sources */,
				606740E8286A4239000EE2BB /* TableViewController.swift in Sources */,
			);
			runOnlyForDeploymentPostprocessing = 0;
		};
		606740C6286A3D5E000EE2BB /* Sources */ = {
			isa = PBXSourcesBuildPhase;
			buildActionMask = 2147483647;
			files = (
				606740CF286A3D5E000EE2BB /* ToDoListTests.swift in Sources */,
			);
			runOnlyForDeploymentPostprocessing = 0;
		};
		606740D0286A3D5E000EE2BB /* Sources */ = {
			isa = PBXSourcesBuildPhase;
			buildActionMask = 2147483647;
			files = (
				606740DB286A3D5E000EE2BB /* ToDoListUITestsLaunchTests.swift in Sources */,
				606740D9286A3D5E000EE2BB /* ToDoListUITests.swift in Sources */,
			);
			runOnlyForDeploymentPostprocessing = 0;
		};
/* End PBXSourcesBuildPhase section */

/* Begin PBXTargetDependency section */
		606740CC286A3D5E000EE2BB /* PBXTargetDependency */ = {
			isa = PBXTargetDependency;
			target = 606740B0286A3D54000EE2BB /* ToDoList */;
			targetProxy = 606740CB286A3D5E000EE2BB /* PBXContainerItemProxy */;
		};
		606740D6286A3D5E000EE2BB /* PBXTargetDependency */ = {
			isa = PBXTargetDependency;
			target = 606740B0286A3D54000EE2BB /* ToDoList */;
			targetProxy = 606740D5286A3D5E000EE2BB /* PBXContainerItemProxy */;
		};
/* End PBXTargetDependency section */

/* Begin PBXVariantGroup section */
		606740BA286A3D54000EE2BB /* Main.storyboard */ = {
			isa = PBXVariantGroup;
			children = (
				606740BB286A3D54000EE2BB /* Base */,
			);
			name = Main.storyboard;
			sourceTree = "<group>";
		};
		606740C2286A3D5D000EE2BB /* LaunchScreen.storyboard */ = {
			isa = PBXVariantGroup;
			children = (
				606740C3286A3D5D000EE2BB /* Base */,
			);
			name = LaunchScreen.storyboard;
			sourceTree = "<group>";
		};
/* End PBXVariantGroup section */

/* Begin XCBuildConfiguration section */
		606740DC286A3D5E000EE2BB /* Debug */ = {
			isa = XCBuildConfiguration;
			buildSettings = {
				ALWAYS_SEARCH_USER_PATHS = NO;
				CLANG_ANALYZER_NONNULL = YES;
				CLANG_ANALYZER_NUMBER_OBJECT_CONVERSION = YES_AGGRESSIVE;
				CLANG_CXX_LANGUAGE_STANDARD = "gnu++17";
				CLANG_ENABLE_MODULES = YES;
				CLANG_ENABLE_OBJC_ARC = YES;
				CLANG_ENABLE_OBJC_WEAK = YES;
				CLANG_WARN_BLOCK_CAPTURE_AUTORELEASING = YES;
				CLANG_WARN_BOOL_CONVERSION = YES;
				CLANG_WARN_COMMA = YES;
				CLANG_WARN_CONSTANT_CONVERSION = YES;
				CLANG_WARN_DEPRECATED_OBJC_IMPLEMENTATIONS = YES;
				CLANG_WARN_DIRECT_OBJC_ISA_USAGE = YES_ERROR;
				CLANG_WARN_DOCUMENTATION_COMMENTS = YES;
				CLANG_WARN_EMPTY_BODY = YES;
				CLANG_WARN_ENUM_CONVERSION = YES;
				CLANG_WARN_INFINITE_RECURSION = YES;
				CLANG_WARN_INT_CONVERSION = YES;
				CLANG_WARN_NON_LITERAL_NULL_CONVERSION = YES;
				CLANG_WARN_OBJC_IMPLICIT_RETAIN_SELF = YES;
				CLANG_WARN_OBJC_LITERAL_CONVERSION = YES;
				CLANG_WARN_OBJC_ROOT_CLASS = YES_ERROR;
				CLANG_WARN_QUOTED_INCLUDE_IN_FRAMEWORK_HEADER = YES;
				CLANG_WARN_RANGE_LOOP_ANALYSIS = YES;
				CLANG_WARN_STRICT_PROTOTYPES = YES;
				CLANG_WARN_SUSPICIOUS_MOVE = YES;
				CLANG_WARN_UNGUARDED_AVAILABILITY = YES_AGGRESSIVE;
				CLANG_WARN_UNREACHABLE_CODE = YES;
				CLANG_WARN__DUPLICATE_METHOD_MATCH = YES;
				COPY_PHASE_STRIP = NO;
				DEBUG_INFORMATION_FORMAT = dwarf;
				ENABLE_STRICT_OBJC_MSGSEND = YES;
				ENABLE_TESTABILITY = YES;
				GCC_C_LANGUAGE_STANDARD = gnu11;
				GCC_DYNAMIC_NO_PIC = NO;
				GCC_NO_COMMON_BLOCKS = YES;
				GCC_OPTIMIZATION_LEVEL = 0;
				GCC_PREPROCESSOR_DEFINITIONS = (
					"DEBUG=1",
					"$(inherited)",
				);
				GCC_WARN_64_TO_32_BIT_CONVERSION = YES;
				GCC_WARN_ABOUT_RETURN_TYPE = YES_ERROR;
				GCC_WARN_UNDECLARED_SELECTOR = YES;
				GCC_WARN_UNINITIALIZED_AUTOS = YES_AGGRESSIVE;
				GCC_WARN_UNUSED_FUNCTION = YES;
				GCC_WARN_UNUSED_VARIABLE = YES;
				IPHONEOS_DEPLOYMENT_TARGET = 15.5;
				MTL_ENABLE_DEBUG_INFO = INCLUDE_SOURCE;
				MTL_FAST_MATH = YES;
				ONLY_ACTIVE_ARCH = YES;
				SDKROOT = iphoneos;
				SWIFT_ACTIVE_COMPILATION_CONDITIONS = DEBUG;
				SWIFT_OPTIMIZATION_LEVEL = "-Onone";
			};
			name = Debug;
		};
		606740DD286A3D5E000EE2BB /* Release */ = {
			isa = XCBuildConfiguration;
			buildSettings = {
				ALWAYS_SEARCH_USER_PATHS = NO;
				CLANG_ANALYZER_NONNULL = YES;
				CLANG_ANALYZER_NUMBER_OBJECT_CONVERSION = YES_AGGRESSIVE;
				CLANG_CXX_LANGUAGE_STANDARD = "gnu++17";
				CLANG_ENABLE_MODULES = YES;
				CLANG_ENABLE_OBJC_ARC = YES;
				CLANG_ENABLE_OBJC_WEAK = YES;
				CLANG_WARN_BLOCK_CAPTURE_AUTORELEASING = YES;
				CLANG_WARN_BOOL_CONVERSION = YES;
				CLANG_WARN_COMMA = YES;
				CLANG_WARN_CONSTANT_CONVERSION = YES;
				CLANG_WARN_DEPRECATED_OBJC_IMPLEMENTATIONS = YES;
				CLANG_WARN_DIRECT_OBJC_ISA_USAGE = YES_ERROR;
				CLANG_WARN_DOCUMENTATION_COMMENTS = YES;
				CLANG_WARN_EMPTY_BODY = YES;
				CLANG_WARN_ENUM_CONVERSION = YES;
				CLANG_WARN_INFINITE_RECURSION = YES;
				CLANG_WARN_INT_CONVERSION = YES;
				CLANG_WARN_NON_LITERAL_NULL_CONVERSION = YES;
				CLANG_WARN_OBJC_IMPLICIT_RETAIN_SELF = YES;
				CLANG_WARN_OBJC_LITERAL_CONVERSION = YES;
				CLANG_WARN_OBJC_ROOT_CLASS = YES_ERROR;
				CLANG_WARN_QUOTED_INCLUDE_IN_FRAMEWORK_HEADER = YES;
				CLANG_WARN_RANGE_LOOP_ANALYSIS = YES;
				CLANG_WARN_STRICT_PROTOTYPES = YES;
				CLANG_WARN_SUSPICIOUS_MOVE = YES;
				CLANG_WARN_UNGUARDED_AVAILABILITY = YES_AGGRESSIVE;
				CLANG_WARN_UNREACHABLE_CODE = YES;
				CLANG_WARN__DUPLICATE_METHOD_MATCH = YES;
				COPY_PHASE_STRIP = NO;
				DEBUG_INFORMATION_FORMAT = "dwarf-with-dsym";
				ENABLE_NS_ASSERTIONS = NO;
				ENABLE_STRICT_OBJC_MSGSEND = YES;
				GCC_C_LANGUAGE_STANDARD = gnu11;
				GCC_NO_COMMON_BLOCKS = YES;
				GCC_WARN_64_TO_32_BIT_CONVERSION = YES;
				GCC_WARN_ABOUT_RETURN_TYPE = YES_ERROR;
				GCC_WARN_UNDECLARED_SELECTOR = YES;
				GCC_WARN_UNINITIALIZED_AUTOS = YES_AGGRESSIVE;
				GCC_WARN_UNUSED_FUNCTION = YES;
				GCC_WARN_UNUSED_VARIABLE = YES;
				IPHONEOS_DEPLOYMENT_TARGET = 15.5;
				MTL_ENABLE_DEBUG_INFO = NO;
				MTL_FAST_MATH = YES;
				SDKROOT = iphoneos;
				SWIFT_COMPILATION_MODE = wholemodule;
				SWIFT_OPTIMIZATION_LEVEL = "-O";
				VALIDATE_PRODUCT = YES;
			};
			name = Release;
		};
		606740DF286A3D5E000EE2BB /* Debug */ = {
			isa = XCBuildConfiguration;
			buildSettings = {
				ASSETCATALOG_COMPILER_APPICON_NAME = AppIcon;
				ASSETCATALOG_COMPILER_GLOBAL_ACCENT_COLOR_NAME = AccentColor;
				CODE_SIGN_STYLE = Automatic;
				CURRENT_PROJECT_VERSION = 1;
				GENERATE_INFOPLIST_FILE = YES;
				INFOPLIST_FILE = ToDoList/Info.plist;
				INFOPLIST_KEY_UIApplicationSupportsIndirectInputEvents = YES;
				INFOPLIST_KEY_UILaunchStoryboardName = LaunchScreen;
				INFOPLIST_KEY_UIMainStoryboardFile = Main;
				INFOPLIST_KEY_UISupportedInterfaceOrientations_iPad = "UIInterfaceOrientationPortrait UIInterfaceOrientationPortraitUpsideDown UIInterfaceOrientationLandscapeLeft UIInterfaceOrientationLandscapeRight";
				INFOPLIST_KEY_UISupportedInterfaceOrientations_iPhone = "UIInterfaceOrientationPortrait UIInterfaceOrientationLandscapeLeft UIInterfaceOrientationLandscapeRight";
				LD_RUNPATH_SEARCH_PATHS = (
					"$(inherited)",
					"@executable_path/Frameworks",
				);
				MARKETING_VERSION = 1.0;
				PRODUCT_BUNDLE_IDENTIFIER = kwk.ToDoList;
				PRODUCT_NAME = "$(TARGET_NAME)";
				SWIFT_EMIT_LOC_STRINGS = YES;
				SWIFT_VERSION = 5.0;
				TARGETED_DEVICE_FAMILY = "1,2";
			};
			name = Debug;
		};
		606740E0286A3D5E000EE2BB /* Release */ = {
			isa = XCBuildConfiguration;
			buildSettings = {
				ASSETCATALOG_COMPILER_APPICON_NAME = AppIcon;
				ASSETCATALOG_COMPILER_GLOBAL_ACCENT_COLOR_NAME = AccentColor;
				CODE_SIGN_STYLE = Automatic;
				CURRENT_PROJECT_VERSION = 1;
				GENERATE_INFOPLIST_FILE = YES;
				INFOPLIST_FILE = ToDoList/Info.plist;
				INFOPLIST_KEY_UIApplicationSupportsIndirectInputEvents = YES;
				INFOPLIST_KEY_UILaunchStoryboardName = LaunchScreen;
				INFOPLIST_KEY_UIMainStoryboardFile = Main;
				INFOPLIST_KEY_UISupportedInterfaceOrientations_iPad = "UIInterfaceOrientationPortrait UIInterfaceOrientationPortraitUpsideDown UIInterfaceOrientationLandscapeLeft UIInterfaceOrientationLandscapeRight";
				INFOPLIST_KEY_UISupportedInterfaceOrientations_iPhone = "UIInterfaceOrientationPortrait UIInterfaceOrientationLandscapeLeft UIInterfaceOrientationLandscapeRight";
				LD_RUNPATH_SEARCH_PATHS = (
					"$(inherited)",
					"@executable_path/Frameworks",
				);
				MARKETING_VERSION = 1.0;
				PRODUCT_BUNDLE_IDENTIFIER = kwk.ToDoList;
				PRODUCT_NAME = "$(TARGET_NAME)";
				SWIFT_EMIT_LOC_STRINGS = YES;
				SWIFT_VERSION = 5.0;
				TARGETED_DEVICE_FAMILY = "1,2";
			};
			name = Release;
		};
		606740E2286A3D5E000EE2BB /* Debug */ = {
			isa = XCBuildConfiguration;
			buildSettings = {
				ALWAYS_EMBED_SWIFT_STANDARD_LIBRARIES = YES;
				BUNDLE_LOADER = "$(TEST_HOST)";
				CODE_SIGN_STYLE = Automatic;
				CURRENT_PROJECT_VERSION = 1;
				GENERATE_INFOPLIST_FILE = YES;
				IPHONEOS_DEPLOYMENT_TARGET = 15.5;
				MARKETING_VERSION = 1.0;
				PRODUCT_BUNDLE_IDENTIFIER = kwk.ToDoListTests;
				PRODUCT_NAME = "$(TARGET_NAME)";
				SWIFT_EMIT_LOC_STRINGS = NO;
				SWIFT_VERSION = 5.0;
				TARGETED_DEVICE_FAMILY = "1,2";
				TEST_HOST = "$(BUILT_PRODUCTS_DIR)/ToDoList.app/ToDoList";
			};
			name = Debug;
		};
		606740E3286A3D5E000EE2BB /* Release */ = {
			isa = XCBuildConfiguration;
			buildSettings = {
				ALWAYS_EMBED_SWIFT_STANDARD_LIBRARIES = YES;
				BUNDLE_LOADER = "$(TEST_HOST)";
				CODE_SIGN_STYLE = Automatic;
				CURRENT_PROJECT_VERSION = 1;
				GENERATE_INFOPLIST_FILE = YES;
				IPHONEOS_DEPLOYMENT_TARGET = 15.5;
				MARKETING_VERSION = 1.0;
				PRODUCT_BUNDLE_IDENTIFIER = kwk.ToDoListTests;
				PRODUCT_NAME = "$(TARGET_NAME)";
				SWIFT_EMIT_LOC_STRINGS = NO;
				SWIFT_VERSION = 5.0;
				TARGETED_DEVICE_FAMILY = "1,2";
				TEST_HOST = "$(BUILT_PRODUCTS_DIR)/ToDoList.app/ToDoList";
			};
			name = Release;
		};
		606740E5286A3D5E000EE2BB /* Debug */ = {
			isa = XCBuildConfiguration;
			buildSettings = {
				ALWAYS_EMBED_SWIFT_STANDARD_LIBRARIES = YES;
				CODE_SIGN_STYLE = Automatic;
				CURRENT_PROJECT_VERSION = 1;
				GENERATE_INFOPLIST_FILE = YES;
				MARKETING_VERSION = 1.0;
				PRODUCT_BUNDLE_IDENTIFIER = kwk.ToDoListUITests;
				PRODUCT_NAME = "$(TARGET_NAME)";
				SWIFT_EMIT_LOC_STRINGS = NO;
				SWIFT_VERSION = 5.0;
				TARGETED_DEVICE_FAMILY = "1,2";
				TEST_TARGET_NAME = ToDoList;
			};
			name = Debug;
		};
		606740E6286A3D5E000EE2BB /* Release */ = {
			isa = XCBuildConfiguration;
			buildSettings = {
				ALWAYS_EMBED_SWIFT_STANDARD_LIBRARIES = YES;
				CODE_SIGN_STYLE = Automatic;
				CURRENT_PROJECT_VERSION = 1;
				GENERATE_INFOPLIST_FILE = YES;
				MARKETING_VERSION = 1.0;
				PRODUCT_BUNDLE_IDENTIFIER = kwk.ToDoListUITests;
				PRODUCT_NAME = "$(TARGET_NAME)";
				SWIFT_EMIT_LOC_STRINGS = NO;
				SWIFT_VERSION = 5.0;
				TARGETED_DEVICE_FAMILY = "1,2";
				TEST_TARGET_NAME = ToDoList;
			};
			name = Release;
		};
/* End XCBuildConfiguration section */

/* Begin XCConfigurationList section */
		606740AC286A3D54000EE2BB /* Build configuration list for PBXProject "ToDoList" */ = {
			isa = XCConfigurationList;
			buildConfigurations = (
				606740DC286A3D5E000EE2BB /* Debug */,
				606740DD286A3D5E000EE2BB /* Release */,
			);
			defaultConfigurationIsVisible = 0;
			defaultConfigurationName = Release;
		};
		606740DE286A3D5E000EE2BB /* Build configuration list for PBXNativeTarget "ToDoList" */ = {
			isa = XCConfigurationList;
			buildConfigurations = (
				606740DF286A3D5E000EE2BB /* Debug */,
				606740E0286A3D5E000EE2BB /* Release */,
			);
			defaultConfigurationIsVisible = 0;
			defaultConfigurationName = Release;
		};
		606740E1286A3D5E000EE2BB /* Build configuration list for PBXNativeTarget "ToDoListTests" */ = {
			isa = XCConfigurationList;
			buildConfigurations = (
				606740E2286A3D5E000EE2BB /* Debug */,
				606740E3286A3D5E000EE2BB /* Release */,
			);
			defaultConfigurationIsVisible = 0;
			defaultConfigurationName = Release;
		};
		606740E4286A3D5E000EE2BB /* Build configuration list for PBXNativeTarget "ToDoListUITests" */ = {
			isa = XCConfigurationList;
			buildConfigurations = (
				606740E5286A3D5E000EE2BB /* Debug */,
				606740E6286A3D5E000EE2BB /* Release */,
			);
			defaultConfigurationIsVisible = 0;
			defaultConfigurationName = Release;
		};
/* End XCConfigurationList section */

/* Begin XCVersionGroup section */
		606740BD286A3D54000EE2BB /* ToDoList.xcdatamodeld */ = {
			isa = XCVersionGroup;
			children = (
				606740BE286A3D54000EE2BB /* ToDoList.xcdatamodel */,
			);
			currentVersion = 606740BE286A3D54000EE2BB /* ToDoList.xcdatamodel */;
			path = ToDoList.xcdatamodeld;
			sourceTree = "<group>";
			versionGroupType = wrapper.xcdatamodel;
		};
/* End XCVersionGroup section */
	};
	rootObject = 606740A9286A3D54000EE2BB /* Project object */;
}
